
Microsoft Visual Studio Solution File, Format Version 12.00
# Visual Studio Version 16
VisualStudioVersion = 16.0.30717.126
MinimumVisualStudioVersion = 10.0.40219.1
Project("{FAE04EC0-301F-11D3-BF4B-00C04F79EFBC}") = "SignalR-demo", "SignalR-demo\SignalR-demo.csproj", "{72DB2013-36BB-4344-BBD7-8627C420CD19}"
EndProject
Project("{FAE04EC0-301F-11D3-BF4B-00C04F79EFBC}") = "SignalR-demo-dal", "SignalR-demo-dal\SignalR-demo-dal.csproj", "{5A85D791-DA39-42C8-8000-93035BA20FFE}"
EndProject
Global
	GlobalSection(SolutionConfigurationPlatforms) = preSolution
		Debug|Any CPU = Debug|Any CPU
		Release|Any CPU = Release|Any CPU
	EndGlobalSection
	GlobalSection(ProjectConfigurationPlatforms) = postSolution
		{72DB2013-36BB-4344-BBD7-8627C420CD19}.Debug|Any CPU.ActiveCfg = Debug|Any CPU
		{72DB2013-36BB-4344-BBD7-8627C420CD19}.Debug|Any CPU.Build.0 = Debug|Any CPU
		{72DB2013-36BB-4344-BBD7-8627C420CD19}.Release|Any CPU.ActiveCfg = Release|Any CPU
		{72DB2013-36BB-4344-BBD7-8627C420CD19}.Release|Any CPU.Build.0 = Release|Any CPU
		{5A85D791-DA39-42C8-8000-93035BA20FFE}.Debug|Any CPU.ActiveCfg = Debug|Any CPU
		{5A85D791-DA39-42C8-8000-93035BA20FFE}.Debug|Any CPU.Build.0 = Debug|Any CPU
		{5A85D791-DA39-42C8-8000-93035BA20FFE}.Release|Any CPU.ActiveCfg = Release|Any CPU
		{5A85D791-DA39-42C8-8000-93035BA20FFE}.Release|Any CPU.Build.0 = Release|Any CPU
	EndGlobalSection
	GlobalSection(SolutionProperties) = preSolution
		HideSolutionNode = FALSE
	EndGlobalSection
	GlobalSection(ExtensibilityGlobals) = postSolution
		SolutionGuid = {5ADC1B8E-3A59-4E48-B8A2-EBA949024431}
	EndGlobalSection
EndGlobal
